
Microsoft Visual Studio Solution File, Format Version 12.00
# Visual Studio Version 17
VisualStudioVersion = 17.11.35312.102
MinimumVisualStudioVersion = 10.0.40219.1
Project("{9A19103F-16F7-4668-BE54-9A1E7A4F7556}") = "EHR-MVC", "EHR-MVC\EHR-MVC.csproj", "{44AC9416-880F-47B7-BCEB-7B1C4479EE42}"
EndProject
Project("{00D1A9C2-B5F0-4AF3-8072-F6C62B433612}") = "EHR-MVC-DB", "EHR-MVC-DB\EHR-MVC-DB.sqlproj", "{1A87B0B1-6471-45C5-8E75-FDEF0E5A32FE}"
EndProject
Global
	GlobalSection(SolutionConfigurationPlatforms) = preSolution
		Debug|Any CPU = Debug|Any CPU
		Release|Any CPU = Release|Any CPU
	EndGlobalSection
	GlobalSection(ProjectConfigurationPlatforms) = postSolution
		{44AC9416-880F-47B7-BCEB-7B1C4479EE42}.Debug|Any CPU.ActiveCfg = Debug|Any CPU
		{44AC9416-880F-47B7-BCEB-7B1C4479EE42}.Debug|Any CPU.Build.0 = Debug|Any CPU
		{44AC9416-880F-47B7-BCEB-7B1C4479EE42}.Release|Any CPU.ActiveCfg = Release|Any CPU
		{44AC9416-880F-47B7-BCEB-7B1C4479EE42}.Release|Any CPU.Build.0 = Release|Any CPU
		{1A87B0B1-6471-45C5-8E75-FDEF0E5A32FE}.Debug|Any CPU.ActiveCfg = Debug|Any CPU
		{1A87B0B1-6471-45C5-8E75-FDEF0E5A32FE}.Debug|Any CPU.Build.0 = Debug|Any CPU
		{1A87B0B1-6471-45C5-8E75-FDEF0E5A32FE}.Debug|Any CPU.Deploy.0 = Debug|Any CPU
		{1A87B0B1-6471-45C5-8E75-FDEF0E5A32FE}.Release|Any CPU.ActiveCfg = Release|Any CPU
		{1A87B0B1-6471-45C5-8E75-FDEF0E5A32FE}.Release|Any CPU.Build.0 = Release|Any CPU
		{1A87B0B1-6471-45C5-8E75-FDEF0E5A32FE}.Release|Any CPU.Deploy.0 = Release|Any CPU
	EndGlobalSection
	GlobalSection(SolutionProperties) = preSolution
		HideSolutionNode = FALSE
	EndGlobalSection
	GlobalSection(ExtensibilityGlobals) = postSolution
		SolutionGuid = {911D6717-A7E0-4E52-BFB8-AAF53879A9B0}
	EndGlobalSection
EndGlobal
